<?xml version="1.0" encoding="utf-8"?>
<Project ToolsVersion="4.0" xmlns="http://schemas.microsoft.com/developer/msbuild/2003">
  <ItemGroup>
    <Filter Include="Source Files">
      <UniqueIdentifier>{4FC737F1-C7A5-4376-A066-2A32D752A2FF}</UniqueIdentifier>
      <Extensions>cpp;c;cc;cxx;c++;cppm;ixx;def;odl;idl;hpj;bat;asm;asmx</Extensions>
    </Filter>
    <Filter Include="Header Files">
      <UniqueIdentifier>{93995380-89BD-4b04-88EB-625FBE52EBFB}</UniqueIdentifier>
      <Extensions>h;hh;hpp;hxx;h++;hm;inl;inc;ipp;xsd</Extensions>
    </Filter>
    <Filter Include="Resource Files">
      <UniqueIdentifier>{67DA6AB6-F800-4c08-8B7A-83BB121AAD01}</UniqueIdentifier>
      <Extensions>rc;ico;cur;bmp;dlg;rc2;rct;bin;rgs;gif;jpg;jpeg;jpe;resx;tiff;tif;png;wav;mfcribbon-ms</Extensions>
    </Filter>
    <Filter Include="Resource Files\Shaders">
      <UniqueIdentifier>{91f56342-b055-46a4-a530-aa86eafbcc1e}</UniqueIdentifier>
    </Filter>
    <Filter Include="Resource Files\Shaders\Fragment">
      <UniqueIdentifier>{800c9b74-867c-4922-941c-00c0b67aa257}</UniqueIdentifier>
    </Filter>
    <Filter Include="Resource Files\Shaders\Vertex">
      <UniqueIdentifier>{f8c1119c-b229-417e-b7a1-5966c94a1466}</UniqueIdentifier>
    </Filter>
    <Filter Include="Resource Files\ImGUI">
      <UniqueIdentifier>{1dbc9cce-b323-4189-9773-8025a792e448}</UniqueIdentifier>
    </Filter>
    <Filter Include="Resource Files\Models">
      <UniqueIdentifier>{31827ad3-23d8-4bd7-953f-33e62f7143de}</UniqueIdentifier>
    </Filter>
    <Filter Include="Resource Files\Textures">
      <UniqueIdentifier>{0ef70fec-0bd4-4919-bd47-14490b36c236}</UniqueIdentifier>
    </Filter>
  </ItemGroup>
  <ItemGroup>
    <ClCompile Include="src\Application.cpp">
      <Filter>Source Files</Filter>
    </ClCompile>
    <ClCompile Include="src\Gizmos.cpp">
      <Filter>Source Files</Filter>
    </ClCompile>
    <ClCompile Include="src\glad.c">
      <Filter>Source Files</Filter>
    </ClCompile>
    <ClCompile Include="src\main.cpp">
      <Filter>Source Files</Filter>
    </ClCompile>
    <ClCompile Include="src\Mesh.cpp">
      <Filter>Source Files</Filter>
    </ClCompile>
    <ClCompile Include="src\Shader.cpp">
      <Filter>Source Files</Filter>
    </ClCompile>
    <ClCompile Include="src\Camera.cpp">
      <Filter>Source Files</Filter>
    </ClCompile>
    <ClCompile Include="..\dep\imgui\imgui.cpp">
      <Filter>Resource Files\ImGUI</Filter>
    </ClCompile>
    <ClCompile Include="..\dep\imgui\imgui_draw.cpp">
      <Filter>Resource Files\ImGUI</Filter>
    </ClCompile>
    <ClCompile Include="src\imgui_glfw3.cpp">
      <Filter>Resource Files\ImGUI</Filter>
    </ClCompile>
    <ClCompile Include="src\Texture.cpp">
      <Filter>Source Files</Filter>
    </ClCompile>
    <ClCompile Include="src\Instance.cpp">
      <Filter>Source Files</Filter>
    </ClCompile>
    <ClCompile Include="src\Scene.cpp">
      <Filter>Source Files</Filter>
    </ClCompile>
    <ClCompile Include="src\Skybox.cpp">
      <Filter>Source Files</Filter>
    </ClCompile>
  </ItemGroup>
  <ItemGroup>
    <ClInclude Include="include\Application.h">
      <Filter>Header Files</Filter>
    </ClInclude>
    <ClInclude Include="include\Gizmos.h">
      <Filter>Header Files</Filter>
    </ClInclude>
    <ClInclude Include="include\glad.h">
      <Filter>Header Files</Filter>
    </ClInclude>
    <ClInclude Include="include\khrplatform.h">
      <Filter>Header Files</Filter>
    </ClInclude>
    <ClInclude Include="include\Mesh.h">
      <Filter>Header Files</Filter>
    </ClInclude>
    <ClInclude Include="include\Shader.h">
      <Filter>Header Files</Filter>
    </ClInclude>
    <ClInclude Include="include\Camera.h">
      <Filter>Header Files</Filter>
    </ClInclude>
    <ClInclude Include="..\dep\imgui\imconfig.h">
      <Filter>Resource Files\ImGUI</Filter>
    </ClInclude>
    <ClInclude Include="..\dep\imgui\imgui.h">
      <Filter>Resource Files\ImGUI</Filter>
    </ClInclude>
    <ClInclude Include="..\dep\imgui\imgui_internal.h">
      <Filter>Resource Files\ImGUI</Filter>
    </ClInclude>
    <ClInclude Include="include\imgui_glfw3.h">
      <Filter>Resource Files\ImGUI</Filter>
    </ClInclude>
    <ClInclude Include="include\Instance.h">
      <Filter>Header Files</Filter>
    </ClInclude>
    <ClInclude Include="include\Scene.h">
      <Filter>Header Files</Filter>
    </ClInclude>
    <ClInclude Include="include\Skybox.h">
      <Filter>Header Files</Filter>
    </ClInclude>
  </ItemGroup>
  <ItemGroup>
    <None Include="data\Shaders\Fragment\normalPhongShader.frag">
      <Filter>Resource Files\Shaders\Fragment</Filter>
    </None>
    <None Include="data\Shaders\Fragment\phongShader.frag">
      <Filter>Resource Files\Shaders\Fragment</Filter>
    </None>
    <None Include="data\Shaders\Fragment\simpleShader.frag">
      <Filter>Resource Files\Shaders\Fragment</Filter>
    </None>
    <None Include="data\Shaders\Vertex\normalPhongShader.vert">
      <Filter>Resource Files\Shaders\Vertex</Filter>
    </None>
    <None Include="data\Shaders\Vertex\phongShader.vert">
      <Filter>Resource Files\Shaders\Vertex</Filter>
    </None>
    <None Include="data\Shaders\Vertex\simpleShader.vert">
      <Filter>Resource Files\Shaders\Vertex</Filter>
    </None>
    <None Include="data\Models\Buddha.mtl">
      <Filter>Resource Files\Models</Filter>
    </None>
    <None Include="data\Models\Bunny.mtl">
      <Filter>Resource Files\Models</Filter>
    </None>
    <None Include="data\Models\Dragon.mtl">
      <Filter>Resource Files\Models</Filter>
    </None>
    <None Include="data\Models\Lucy.mtl">
      <Filter>Resource Files\Models</Filter>
    </None>
    <None Include="data\Models\soulspear.mtl">
      <Filter>Resource Files\Models</Filter>
    </None>
    <None Include="data\Shaders\Fragment\phongNoTextureShader.frag">
      <Filter>Resource Files\Shaders\Fragment</Filter>
    </None>
    <None Include="data\Shaders\Vertex\phongNoTextureShader.vert">
      <Filter>Resource Files\Shaders\Vertex</Filter>
    </None>
    <None Include="data\shaders\vertex\cubemapShader.vert">
      <Filter>Resource Files\Shaders\Vertex</Filter>
    </None>
    <None Include="data\shaders\fragment\cubemapShader.frag">
      <Filter>Resource Files\Shaders\Fragment</Filter>
    </None>
    <None Include="data\shaders\fragment\reflectionShader.frag">
      <Filter>Resource Files\Shaders\Fragment</Filter>
    </None>
    <None Include="data\shaders\vertex\reflectionShader.vert">
      <Filter>Resource Files\Shaders\Vertex</Filter>
    </None>
    <None Include="ClassDiagram.cd" />
  </ItemGroup>
  <ItemGroup>
    <Image Include="data\Textures\numbered_grid.tga">
      <Filter>Resource Files\Textures</Filter>
    </Image>
    <Image Include="data\Models\soulspear_diffuse.tga">
      <Filter>Resource Files\Models</Filter>
    </Image>
    <Image Include="data\Models\soulspear_normal.tga">
      <Filter>Resource Files\Models</Filter>
    </Image>
    <Image Include="data\Models\soulspear_specular.tga">
      <Filter>Resource Files\Models</Filter>
    </Image>
  </ItemGroup>
</Project>